
Microsoft Visual Studio Solution File, Format Version 12.00
# Visual Studio Version 17
VisualStudioVersion = 17.4.33205.214
MinimumVisualStudioVersion = 10.0.40219.1
Project("{888888A0-9F3D-457C-B088-3A5042F75D52}") = "Lab1_5", "Lab1_5\Lab1_5.pyproj", "{F8B67441-F41D-4D57-BDDD-1C94EBCBFCAF}"
EndProject
Global
	GlobalSection(SolutionConfigurationPlatforms) = preSolution
		Debug|Any CPU = Debug|Any CPU
		Release|Any CPU = Release|Any CPU
	EndGlobalSection
	GlobalSection(ProjectConfigurationPlatforms) = postSolution
		{F8B67441-F41D-4D57-BDDD-1C94EBCBFCAF}.Debug|Any CPU.ActiveCfg = Debug|Any CPU
		{F8B67441-F41D-4D57-BDDD-1C94EBCBFCAF}.Release|Any CPU.ActiveCfg = Release|Any CPU
	EndGlobalSection
	GlobalSection(SolutionProperties) = preSolution
		HideSolutionNode = FALSE
	EndGlobalSection
	GlobalSection(ExtensibilityGlobals) = postSolution
		SolutionGuid = {F0C56493-B925-41F7-9ED3-C584C28FC8D8}
	EndGlobalSection
EndGlobal
